// !$*UTF8*$!
{
	archiveVersion = 1;
	classes = {
	};
	objectVersion = 77;
	objects = {

/* Begin PBXBuildFile section */
		0A46D0042E8C2BD700A073EE /* SnapKit in Frameworks */ = {isa = PBXBuildFile; productRef = 0A46D0032E8C2BD700A073EE /* SnapKit */; };
		0A46D0092E8C2C0600A073EE /* Alamofire in Frameworks */ = {isa = PBXBuildFile; productRef = 0A46D0082E8C2C0600A073EE /* Alamofire */; };
		0A46D00E2E8C2C1400A073EE /* Kingfisher in Frameworks */ = {isa = PBXBuildFile; productRef = 0A46D00D2E8C2C1400A073EE /* Kingfisher */; };
		244846E22F07E39B000E195F /* RehberimBenimleCoreKit in Frameworks */ = {isa = PBXBuildFile; productRef = 244846E12F07E39B000E195F /* RehberimBenimleCoreKit */; };
		244846E52F07E3BB000E195F /* RehberimBenimleFeatures in Frameworks */ = {isa = PBXBuildFile; productRef = 244846E42F07E3BB000E195F /* RehberimBenimleFeatures */; };
		244846E82F07E3D4000E195F /* RehberimBenimleUI in Frameworks */ = {isa = PBXBuildFile; productRef = 244846E72F07E3D4000E195F /* RehberimBenimleUI */; };
		24A64DF42F050FB20075FE56 /* RehberimBenimleCoreKit in Frameworks */ = {isa = PBXBuildFile; productRef = 24A64DF32F050FB20075FE56 /* RehberimBenimleCoreKit */; };
		24A64DFA2F0521DD0075FE56 /* RehberimBenimleUI in Frameworks */ = {isa = PBXBuildFile; productRef = 24A64DF92F0521DD0075FE56 /* RehberimBenimleUI */; };
		24DB3A802F0694B700524984 /* RehberimBenimleFeatures in Frameworks */ = {isa = PBXBuildFile; productRef = 24DB3A7F2F0694B700524984 /* RehberimBenimleFeatures */; settings = {ATTRIBUTES = (Required, ); }; };
/* End PBXBuildFile section */

/* Begin PBXContainerItemProxy section */
		2410872B2EFD522A00E99E5D /* PBXContainerItemProxy */ = {
			isa = PBXContainerItemProxy;
			containerPortal = 0A46CFBB2E8C254100A073EE /* Project object */;
			proxyType = 1;
			remoteGlobalIDString = 0A46CFC22E8C254100A073EE;
			remoteInfo = RehberimBenimle;
		};
/* End PBXContainerItemProxy section */

/* Begin PBXFileReference section */
		0A46CFC32E8C254100A073EE /* RehberimBenimle.app */ = {isa = PBXFileReference; explicitFileType = wrapper.application; includeInIndex = 0; path = RehberimBenimle.app; sourceTree = BUILT_PRODUCTS_DIR; };
		241087252EFD522A00E99E5D /* RehberimBenimleUITests.xctest */ = {isa = PBXFileReference; explicitFileType = wrapper.cfbundle; includeInIndex = 0; path = RehberimBenimleUITests.xctest; sourceTree = BUILT_PRODUCTS_DIR; };
/* End PBXFileReference section */

/* Begin PBXFileSystemSynchronizedBuildFileExceptionSet section */
		0A46CFD52E8C254300A073EE /* Exceptions for "RehberimBenimle" folder in "RehberimBenimle" target */ = {
			isa = PBXFileSystemSynchronizedBuildFileExceptionSet;
			membershipExceptions = (
				App/Info.plist,
			);
			target = 0A46CFC22E8C254100A073EE /* RehberimBenimle */;
		};
/* End PBXFileSystemSynchronizedBuildFileExceptionSet section */

/* Begin PBXFileSystemSynchronizedRootGroup section */
		0A46CFC52E8C254100A073EE /* RehberimBenimle */ = {
			isa = PBXFileSystemSynchronizedRootGroup;
			exceptions = (
				0A46CFD52E8C254300A073EE /* Exceptions for "RehberimBenimle" folder in "RehberimBenimle" target */,
			);
			path = RehberimBenimle;
			sourceTree = "<group>";
		};
		241087262EFD522A00E99E5D /* RehberimBenimleUITests */ = {
			isa = PBXFileSystemSynchronizedRootGroup;
			path = RehberimBenimleUITests;
			sourceTree = "<group>";
		};
/* End PBXFileSystemSynchronizedRootGroup section */

/* Begin PBXFrameworksBuildPhase section */
		0A46CFC02E8C254100A073EE /* Frameworks */ = {
			isa = PBXFrameworksBuildPhase;
			buildActionMask = 2147483647;
			files = (
				244846E52F07E3BB000E195F /* RehberimBenimleFeatures in Frameworks */,
				244846E22F07E39B000E195F /* RehberimBenimleCoreKit in Frameworks */,
				24DB3A802F0694B700524984 /* RehberimBenimleFeatures in Frameworks */,
				244846E82F07E3D4000E195F /* RehberimBenimleUI in Frameworks */,
				24A64DFA2F0521DD0075FE56 /* RehberimBenimleUI in Frameworks */,
				0A46D0092E8C2C0600A073EE /* Alamofire in Frameworks */,
				24A64DF42F050FB20075FE56 /* RehberimBenimleCoreKit in Frameworks */,
				0A46D0042E8C2BD700A073EE /* SnapKit in Frameworks */,
				0A46D00E2E8C2C1400A073EE /* Kingfisher in Frameworks */,
			);
			runOnlyForDeploymentPostprocessing = 0;
		};
		241087222EFD522A00E99E5D /* Frameworks */ = {
			isa = PBXFrameworksBuildPhase;
			buildActionMask = 2147483647;
			files = (
			);
			runOnlyForDeploymentPostprocessing = 0;
		};
/* End PBXFrameworksBuildPhase section */

/* Begin PBXGroup section */
		0A46CFBA2E8C254100A073EE = {
			isa = PBXGroup;
			children = (
				0A46CFC52E8C254100A073EE /* RehberimBenimle */,
				241087262EFD522A00E99E5D /* RehberimBenimleUITests */,
				24EE07812F07DBAB00D6315E /* Frameworks */,
				0A46CFC42E8C254100A073EE /* Products */,
			);
			sourceTree = "<group>";
		};
		0A46CFC42E8C254100A073EE /* Products */ = {
			isa = PBXGroup;
			children = (
				0A46CFC32E8C254100A073EE /* RehberimBenimle.app */,
				241087252EFD522A00E99E5D /* RehberimBenimleUITests.xctest */,
			);
			name = Products;
			sourceTree = "<group>";
		};
		24EE07812F07DBAB00D6315E /* Frameworks */ = {
			isa = PBXGroup;
			children = (
			);
			name = Frameworks;
			sourceTree = "<group>";
		};
/* End PBXGroup section */

/* Begin PBXNativeTarget section */
		0A46CFC22E8C254100A073EE /* RehberimBenimle */ = {
			isa = PBXNativeTarget;
			buildConfigurationList = 0A46CFD62E8C254300A073EE /* Build configuration list for PBXNativeTarget "RehberimBenimle" */;
			buildPhases = (
				0A46CFBF2E8C254100A073EE /* Sources */,
				0A46CFC02E8C254100A073EE /* Frameworks */,
				0A46CFC12E8C254100A073EE /* Resources */,
			);
			buildRules = (
			);
			dependencies = (
			);
			fileSystemSynchronizedGroups = (
				0A46CFC52E8C254100A073EE /* RehberimBenimle */,
			);
			name = RehberimBenimle;
			packageProductDependencies = (
				0A46D0032E8C2BD700A073EE /* SnapKit */,
				0A46D0082E8C2C0600A073EE /* Alamofire */,
				0A46D00D2E8C2C1400A073EE /* Kingfisher */,
				24A64DF32F050FB20075FE56 /* RehberimBenimleCoreKit */,
				24A64DF92F0521DD0075FE56 /* RehberimBenimleUI */,
				24DB3A7F2F0694B700524984 /* RehberimBenimleFeatures */,
				244846E12F07E39B000E195F /* RehberimBenimleCoreKit */,
				244846E42F07E3BB000E195F /* RehberimBenimleFeatures */,
				244846E72F07E3D4000E195F /* RehberimBenimleUI */,
			);
			productName = RehberimBenimle;
			productReference = 0A46CFC32E8C254100A073EE /* RehberimBenimle.app */;
			productType = "com.apple.product-type.application";
		};
		241087242EFD522A00E99E5D /* RehberimBenimleUITests */ = {
			isa = PBXNativeTarget;
			buildConfigurationList = 2410872D2EFD522A00E99E5D /* Build configuration list for PBXNativeTarget "RehberimBenimleUITests" */;
			buildPhases = (
				241087212EFD522A00E99E5D /* Sources */,
				241087222EFD522A00E99E5D /* Frameworks */,
				241087232EFD522A00E99E5D /* Resources */,
			);
			buildRules = (
			);
			dependencies = (
				2410872C2EFD522A00E99E5D /* PBXTargetDependency */,
			);
			fileSystemSynchronizedGroups = (
				241087262EFD522A00E99E5D /* RehberimBenimleUITests */,
			);
			name = RehberimBenimleUITests;
			packageProductDependencies = (
			);
			productName = RehberimBenimleUITests;
			productReference = 241087252EFD522A00E99E5D /* RehberimBenimleUITests.xctest */;
			productType = "com.apple.product-type.bundle.ui-testing";
		};
/* End PBXNativeTarget section */

/* Begin PBXProject section */
		0A46CFBB2E8C254100A073EE /* Project object */ = {
			isa = PBXProject;
			attributes = {
				BuildIndependentTargetsInParallel = 1;
				LastSwiftUpdateCheck = 2620;
				LastUpgradeCheck = 2620;
				TargetAttributes = {
					0A46CFC22E8C254100A073EE = {
						CreatedOnToolsVersion = 16.4;
					};
					241087242EFD522A00E99E5D = {
						CreatedOnToolsVersion = 26.2;
						LastSwiftMigration = 2620;
						TestTargetID = 0A46CFC22E8C254100A073EE;
					};
				};
			};
			buildConfigurationList = 0A46CFBE2E8C254100A073EE /* Build configuration list for PBXProject "RehberimBenimle" */;
			developmentRegion = en;
			hasScannedForEncodings = 0;
			knownRegions = (
				en,
				Base,
			);
			mainGroup = 0A46CFBA2E8C254100A073EE;
			minimizedProjectReferenceProxies = 1;
			packageReferences = (
				0A46D0022E8C2BD700A073EE /* XCRemoteSwiftPackageReference "SnapKit" */,
				0A46D0072E8C2C0600A073EE /* XCRemoteSwiftPackageReference "Alamofire" */,
				0A46D00C2E8C2C1400A073EE /* XCRemoteSwiftPackageReference "Kingfisher" */,
				244846E02F07E39B000E195F /* XCLocalSwiftPackageReference "Packages/RehberimBenimleCoreKit" */,
				244846E32F07E3BB000E195F /* XCLocalSwiftPackageReference "Packages/RehberimBenimleFeatures" */,
				244846E62F07E3D4000E195F /* XCLocalSwiftPackageReference "Packages/RehberimBenimleUI" */,
			);
			preferredProjectObjectVersion = 77;
			productRefGroup = 0A46CFC42E8C254100A073EE /* Products */;
			projectDirPath = "";
			projectRoot = "";
			targets = (
				0A46CFC22E8C254100A073EE /* RehberimBenimle */,
				241087242EFD522A00E99E5D /* RehberimBenimleUITests */,
			);
		};
/* End PBXProject section */

/* Begin PBXResourcesBuildPhase section */
		0A46CFC12E8C254100A073EE /* Resources */ = {
			isa = PBXResourcesBuildPhase;
			buildActionMask = 2147483647;
			files = (
			);
			runOnlyForDeploymentPostprocessing = 0;
		};
		241087232EFD522A00E99E5D /* Resources */ = {
			isa = PBXResourcesBuildPhase;
			buildActionMask = 2147483647;
			files = (
			);
			runOnlyForDeploymentPostprocessing = 0;
		};
/* End PBXResourcesBuildPhase section */

/* Begin PBXSourcesBuildPhase section */
		0A46CFBF2E8C254100A073EE /* Sources */ = {
			isa = PBXSourcesBuildPhase;
			buildActionMask = 2147483647;
			files = (
			);
			runOnlyForDeploymentPostprocessing = 0;
		};
		241087212EFD522A00E99E5D /* Sources */ = {
			isa = PBXSourcesBuildPhase;
			buildActionMask = 2147483647;
			files = (
			);
			runOnlyForDeploymentPostprocessing = 0;
		};
/* End PBXSourcesBuildPhase section */

/* Begin PBXTargetDependency section */
		2410872C2EFD522A00E99E5D /* PBXTargetDependency */ = {
			isa = PBXTargetDependency;
			target = 0A46CFC22E8C254100A073EE /* RehberimBenimle */;
			targetProxy = 2410872B2EFD522A00E99E5D /* PBXContainerItemProxy */;
		};
/* End PBXTargetDependency section */

/* Begin XCBuildConfiguration section */
		0A46CFD72E8C254300A073EE /* Debug */ = {
			isa = XCBuildConfiguration;
			buildSettings = {
				ASSETCATALOG_COMPILER_APPICON_NAME = AppIcon;
				ASSETCATALOG_COMPILER_GLOBAL_ACCENT_COLOR_NAME = AccentColor;
				CODE_SIGN_STYLE = Automatic;
				CURRENT_PROJECT_VERSION = 1;
				DEVELOPMENT_TEAM = F8U69W5MA6;
				GENERATE_INFOPLIST_FILE = YES;
				INFOPLIST_FILE = RehberimBenimle/App/Info.plist;
				INFOPLIST_KEY_UIApplicationSupportsIndirectInputEvents = YES;
				INFOPLIST_KEY_UILaunchStoryboardName = LaunchScreen;
				INFOPLIST_KEY_UISupportedInterfaceOrientations_iPad = "UIInterfaceOrientationPortrait UIInterfaceOrientationPortraitUpsideDown UIInterfaceOrientationLandscapeLeft UIInterfaceOrientationLandscapeRight";
				INFOPLIST_KEY_UISupportedInterfaceOrientations_iPhone = "UIInterfaceOrientationPortrait UIInterfaceOrientationLandscapeLeft UIInterfaceOrientationLandscapeRight";
				IPHONEOS_DEPLOYMENT_TARGET = 17.0;
				LD_RUNPATH_SEARCH_PATHS = (
					"$(inherited)",
					"@executable_path/Frameworks",
				);
				MARKETING_VERSION = 1.0;
				PRODUCT_BUNDLE_IDENTIFIER = com.RehberimBenimle.RehberimBenimle;
				PRODUCT_NAME = "$(TARGET_NAME)";
				SWIFT_EMIT_LOC_STRINGS = YES;
				SWIFT_VERSION = 5.0;
				TARGETED_DEVICE_FAMILY = "1,2";
			};
			name = Debug;
		};
		0A46CFD82E8C254300A073EE /* Release */ = {
			isa = XCBuildConfiguration;
			buildSettings = {
				ASSETCATALOG_COMPILER_APPICON_NAME = AppIcon;
				ASSETCATALOG_COMPILER_GLOBAL_ACCENT_COLOR_NAME = AccentColor;
				CODE_SIGN_STYLE = Automatic;
				CURRENT_PROJECT_VERSION = 1;
				DEVELOPMENT_TEAM = F8U69W5MA6;
				GENERATE_INFOPLIST_FILE = YES;
				INFOPLIST_FILE = RehberimBenimle/App/Info.plist;
				INFOPLIST_KEY_UIApplicationSupportsIndirectInputEvents = YES;
				INFOPLIST_KEY_UILaunchStoryboardName = LaunchScreen;
				INFOPLIST_KEY_UISupportedInterfaceOrientations_iPad = "UIInterfaceOrientationPortrait UIInterfaceOrientationPortraitUpsideDown UIInterfaceOrientationLandscapeLeft UIInterfaceOrientationLandscapeRight";
				INFOPLIST_KEY_UISupportedInterfaceOrientations_iPhone = "UIInterfaceOrientationPortrait UIInterfaceOrientationLandscapeLeft UIInterfaceOrientationLandscapeRight";
				IPHONEOS_DEPLOYMENT_TARGET = 17.0;
				LD_RUNPATH_SEARCH_PATHS = (
					"$(inherited)",
					"@executable_path/Frameworks",
				);
				MARKETING_VERSION = 1.0;
				PRODUCT_BUNDLE_IDENTIFIER = com.RehberimBenimle.RehberimBenimle;
				PRODUCT_NAME = "$(TARGET_NAME)";
				SWIFT_EMIT_LOC_STRINGS = YES;
				SWIFT_VERSION = 5.0;
				TARGETED_DEVICE_FAMILY = "1,2";
			};
			name = Release;
		};
		0A46CFD92E8C254300A073EE /* Debug */ = {
			isa = XCBuildConfiguration;
			buildSettings = {
				ALWAYS_SEARCH_USER_PATHS = NO;
				ASSETCATALOG_COMPILER_GENERATE_SWIFT_ASSET_SYMBOL_EXTENSIONS = YES;
				CLANG_ANALYZER_NONNULL = YES;
				CLANG_ANALYZER_NUMBER_OBJECT_CONVERSION = YES_AGGRESSIVE;
				CLANG_CXX_LANGUAGE_STANDARD = "gnu++20";
				CLANG_ENABLE_MODULES = YES;
				CLANG_ENABLE_OBJC_ARC = YES;
				CLANG_ENABLE_OBJC_WEAK = YES;
				CLANG_WARN_BLOCK_CAPTURE_AUTORELEASING = YES;
				CLANG_WARN_BOOL_CONVERSION = YES;
				CLANG_WARN_COMMA = YES;
				CLANG_WARN_CONSTANT_CONVERSION = YES;
				CLANG_WARN_DEPRECATED_OBJC_IMPLEMENTATIONS = YES;
				CLANG_WARN_DIRECT_OBJC_ISA_USAGE = YES_ERROR;
				CLANG_WARN_DOCUMENTATION_COMMENTS = YES;
				CLANG_WARN_EMPTY_BODY = YES;
				CLANG_WARN_ENUM_CONVERSION = YES;
				CLANG_WARN_INFINITE_RECURSION = YES;
				CLANG_WARN_INT_CONVERSION = YES;
				CLANG_WARN_NON_LITERAL_NULL_CONVERSION = YES;
				CLANG_WARN_OBJC_IMPLICIT_RETAIN_SELF = YES;
				CLANG_WARN_OBJC_LITERAL_CONVERSION = YES;
				CLANG_WARN_OBJC_ROOT_CLASS = YES_ERROR;
				CLANG_WARN_QUOTED_INCLUDE_IN_FRAMEWORK_HEADER = YES;
				CLANG_WARN_RANGE_LOOP_ANALYSIS = YES;
				CLANG_WARN_STRICT_PROTOTYPES = YES;
				CLANG_WARN_SUSPICIOUS_MOVE = YES;
				CLANG_WARN_UNGUARDED_AVAILABILITY = YES_AGGRESSIVE;
				CLANG_WARN_UNREACHABLE_CODE = YES;
				CLANG_WARN__DUPLICATE_METHOD_MATCH = YES;
				COPY_PHASE_STRIP = NO;
				DEBUG_INFORMATION_FORMAT = dwarf;
				DEVELOPMENT_TEAM = F8U69W5MA6;
				ENABLE_STRICT_OBJC_MSGSEND = YES;
				ENABLE_TESTABILITY = YES;
				ENABLE_USER_SCRIPT_SANDBOXING = YES;
				GCC_C_LANGUAGE_STANDARD = gnu17;
				GCC_DYNAMIC_NO_PIC = NO;
				GCC_NO_COMMON_BLOCKS = YES;
				GCC_OPTIMIZATION_LEVEL = 0;
				GCC_PREPROCESSOR_DEFINITIONS = (
					"DEBUG=1",
					"$(inherited)",
				);
				GCC_WARN_64_TO_32_BIT_CONVERSION = YES;
				GCC_WARN_ABOUT_RETURN_TYPE = YES_ERROR;
				GCC_WARN_UNDECLARED_SELECTOR = YES;
				GCC_WARN_UNINITIALIZED_AUTOS = YES_AGGRESSIVE;
				GCC_WARN_UNUSED_FUNCTION = YES;
				GCC_WARN_UNUSED_VARIABLE = YES;
				IPHONEOS_DEPLOYMENT_TARGET = 18.5;
				LOCALIZATION_PREFERS_STRING_CATALOGS = YES;
				MTL_ENABLE_DEBUG_INFO = INCLUDE_SOURCE;
				MTL_FAST_MATH = YES;
				ONLY_ACTIVE_ARCH = YES;
				SDKROOT = iphoneos;
				STRING_CATALOG_GENERATE_SYMBOLS = YES;
				SWIFT_ACTIVE_COMPILATION_CONDITIONS = "DEBUG $(inherited)";
				SWIFT_OPTIMIZATION_LEVEL = "-Onone";
			};
			name = Debug;
		};
		0A46CFDA2E8C254300A073EE /* Release */ = {
			isa = XCBuildConfiguration;
			buildSettings = {
				ALWAYS_SEARCH_USER_PATHS = NO;
				ASSETCATALOG_COMPILER_GENERATE_SWIFT_ASSET_SYMBOL_EXTENSIONS = YES;
				CLANG_ANALYZER_NONNULL = YES;
				CLANG_ANALYZER_NUMBER_OBJECT_CONVERSION = YES_AGGRESSIVE;
				CLANG_CXX_LANGUAGE_STANDARD = "gnu++20";
				CLANG_ENABLE_MODULES = YES;
				CLANG_ENABLE_OBJC_ARC = YES;
				CLANG_ENABLE_OBJC_WEAK = YES;
				CLANG_WARN_BLOCK_CAPTURE_AUTORELEASING = YES;
				CLANG_WARN_BOOL_CONVERSION = YES;
				CLANG_WARN_COMMA = YES;
				CLANG_WARN_CONSTANT_CONVERSION = YES;
				CLANG_WARN_DEPRECATED_OBJC_IMPLEMENTATIONS = YES;
				CLANG_WARN_DIRECT_OBJC_ISA_USAGE = YES_ERROR;
				CLANG_WARN_DOCUMENTATION_COMMENTS = YES;
				CLANG_WARN_EMPTY_BODY = YES;
				CLANG_WARN_ENUM_CONVERSION = YES;
				CLANG_WARN_INFINITE_RECURSION = YES;
				CLANG_WARN_INT_CONVERSION = YES;
				CLANG_WARN_NON_LITERAL_NULL_CONVERSION = YES;
				CLANG_WARN_OBJC_IMPLICIT_RETAIN_SELF = YES;
				CLANG_WARN_OBJC_LITERAL_CONVERSION = YES;
				CLANG_WARN_OBJC_ROOT_CLASS = YES_ERROR;
				CLANG_WARN_QUOTED_INCLUDE_IN_FRAMEWORK_HEADER = YES;
				CLANG_WARN_RANGE_LOOP_ANALYSIS = YES;
				CLANG_WARN_STRICT_PROTOTYPES = YES;
				CLANG_WARN_SUSPICIOUS_MOVE = YES;
				CLANG_WARN_UNGUARDED_AVAILABILITY = YES_AGGRESSIVE;
				CLANG_WARN_UNREACHABLE_CODE = YES;
				CLANG_WARN__DUPLICATE_METHOD_MATCH = YES;
				COPY_PHASE_STRIP = NO;
				DEBUG_INFORMATION_FORMAT = "dwarf-with-dsym";
				DEVELOPMENT_TEAM = F8U69W5MA6;
				ENABLE_NS_ASSERTIONS = NO;
				ENABLE_STRICT_OBJC_MSGSEND = YES;
				ENABLE_USER_SCRIPT_SANDBOXING = YES;
				GCC_C_LANGUAGE_STANDARD = gnu17;
				GCC_NO_COMMON_BLOCKS = YES;
				GCC_WARN_64_TO_32_BIT_CONVERSION = YES;
				GCC_WARN_ABOUT_RETURN_TYPE = YES_ERROR;
				GCC_WARN_UNDECLARED_SELECTOR = YES;
				GCC_WARN_UNINITIALIZED_AUTOS = YES_AGGRESSIVE;
				GCC_WARN_UNUSED_FUNCTION = YES;
				GCC_WARN_UNUSED_VARIABLE = YES;
				IPHONEOS_DEPLOYMENT_TARGET = 18.5;
				LOCALIZATION_PREFERS_STRING_CATALOGS = YES;
				MTL_ENABLE_DEBUG_INFO = NO;
				MTL_FAST_MATH = YES;
				SDKROOT = iphoneos;
				STRING_CATALOG_GENERATE_SYMBOLS = YES;
				SWIFT_COMPILATION_MODE = wholemodule;
				VALIDATE_PRODUCT = YES;
			};
			name = Release;
		};
		2410872E2EFD522A00E99E5D /* Debug */ = {
			isa = XCBuildConfiguration;
			buildSettings = {
				CLANG_ENABLE_MODULES = YES;
				CODE_SIGN_STYLE = Automatic;
				CURRENT_PROJECT_VERSION = 1;
				DEVELOPMENT_TEAM = SURBTN8MP7;
				GENERATE_INFOPLIST_FILE = YES;
				IPHONEOS_DEPLOYMENT_TARGET = 17.0;
				MARKETING_VERSION = 1.0;
				PRODUCT_BUNDLE_IDENTIFIER = com.okarius.RehberimBenimleUITests;
				PRODUCT_NAME = "$(TARGET_NAME)";
				STRING_CATALOG_GENERATE_SYMBOLS = NO;
				SWIFT_APPROACHABLE_CONCURRENCY = YES;
				SWIFT_EMIT_LOC_STRINGS = NO;
				SWIFT_OPTIMIZATION_LEVEL = "-Onone";
				SWIFT_UPCOMING_FEATURE_MEMBER_IMPORT_VISIBILITY = YES;
				SWIFT_VERSION = 5.0;
				TARGETED_DEVICE_FAMILY = "1,2";
				TEST_TARGET_NAME = RehberimBenimle;
			};
			name = Debug;
		};
		2410872F2EFD522A00E99E5D /* Release */ = {
			isa = XCBuildConfiguration;
			buildSettings = {
				CLANG_ENABLE_MODULES = YES;
				CODE_SIGN_STYLE = Automatic;
				CURRENT_PROJECT_VERSION = 1;
				DEVELOPMENT_TEAM = SURBTN8MP7;
				GENERATE_INFOPLIST_FILE = YES;
				IPHONEOS_DEPLOYMENT_TARGET = 17.0;
				MARKETING_VERSION = 1.0;
				PRODUCT_BUNDLE_IDENTIFIER = com.okarius.RehberimBenimleUITests;
				PRODUCT_NAME = "$(TARGET_NAME)";
				STRING_CATALOG_GENERATE_SYMBOLS = NO;
				SWIFT_APPROACHABLE_CONCURRENCY = YES;
				SWIFT_EMIT_LOC_STRINGS = NO;
				SWIFT_UPCOMING_FEATURE_MEMBER_IMPORT_VISIBILITY = YES;
				SWIFT_VERSION = 5.0;
				TARGETED_DEVICE_FAMILY = "1,2";
				TEST_TARGET_NAME = RehberimBenimle;
			};
			name = Release;
		};
/* End XCBuildConfiguration section */

/* Begin XCConfigurationList section */
		0A46CFBE2E8C254100A073EE /* Build configuration list for PBXProject "RehberimBenimle" */ = {
			isa = XCConfigurationList;
			buildConfigurations = (
				0A46CFD92E8C254300A073EE /* Debug */,
				0A46CFDA2E8C254300A073EE /* Release */,
			);
			defaultConfigurationIsVisible = 0;
			defaultConfigurationName = Release;
		};
		0A46CFD62E8C254300A073EE /* Build configuration list for PBXNativeTarget "RehberimBenimle" */ = {
			isa = XCConfigurationList;
			buildConfigurations = (
				0A46CFD72E8C254300A073EE /* Debug */,
				0A46CFD82E8C254300A073EE /* Release */,
			);
			defaultConfigurationIsVisible = 0;
			defaultConfigurationName = Release;
		};
		2410872D2EFD522A00E99E5D /* Build configuration list for PBXNativeTarget "RehberimBenimleUITests" */ = {
			isa = XCConfigurationList;
			buildConfigurations = (
				2410872E2EFD522A00E99E5D /* Debug */,
				2410872F2EFD522A00E99E5D /* Release */,
			);
			defaultConfigurationIsVisible = 0;
			defaultConfigurationName = Release;
		};
/* End XCConfigurationList section */

/* Begin XCLocalSwiftPackageReference section */
		244846E02F07E39B000E195F /* XCLocalSwiftPackageReference "Packages/RehberimBenimleCoreKit" */ = {
			isa = XCLocalSwiftPackageReference;
			relativePath = Packages/RehberimBenimleCoreKit;
		};
		244846E32F07E3BB000E195F /* XCLocalSwiftPackageReference "Packages/RehberimBenimleFeatures" */ = {
			isa = XCLocalSwiftPackageReference;
			relativePath = Packages/RehberimBenimleFeatures;
		};
		244846E62F07E3D4000E195F /* XCLocalSwiftPackageReference "Packages/RehberimBenimleUI" */ = {
			isa = XCLocalSwiftPackageReference;
			relativePath = Packages/RehberimBenimleUI;
		};
/* End XCLocalSwiftPackageReference section */

/* Begin XCRemoteSwiftPackageReference section */
		0A46D0022E8C2BD700A073EE /* XCRemoteSwiftPackageReference "SnapKit" */ = {
			isa = XCRemoteSwiftPackageReference;
			repositoryURL = "https://github.com/SnapKit/SnapKit.git";
			requirement = {
				kind = upToNextMajorVersion;
				minimumVersion = 5.7.1;
			};
		};
		0A46D0072E8C2C0600A073EE /* XCRemoteSwiftPackageReference "Alamofire" */ = {
			isa = XCRemoteSwiftPackageReference;
			repositoryURL = "https://github.com/Alamofire/Alamofire.git";
			requirement = {
				kind = upToNextMajorVersion;
				minimumVersion = 5.10.2;
			};
		};
		0A46D00C2E8C2C1400A073EE /* XCRemoteSwiftPackageReference "Kingfisher" */ = {
			isa = XCRemoteSwiftPackageReference;
			repositoryURL = "https://github.com/onevcat/Kingfisher.git";
			requirement = {
				kind = upToNextMajorVersion;
				minimumVersion = 8.5.0;
			};
		};
/* End XCRemoteSwiftPackageReference section */

/* Begin XCSwiftPackageProductDependency section */
		0A46D0032E8C2BD700A073EE /* SnapKit */ = {
			isa = XCSwiftPackageProductDependency;
			package = 0A46D0022E8C2BD700A073EE /* XCRemoteSwiftPackageReference "SnapKit" */;
			productName = SnapKit;
		};
		0A46D0082E8C2C0600A073EE /* Alamofire */ = {
			isa = XCSwiftPackageProductDependency;
			package = 0A46D0072E8C2C0600A073EE /* XCRemoteSwiftPackageReference "Alamofire" */;
			productName = Alamofire;
		};
		0A46D00D2E8C2C1400A073EE /* Kingfisher */ = {
			isa = XCSwiftPackageProductDependency;
			package = 0A46D00C2E8C2C1400A073EE /* XCRemoteSwiftPackageReference "Kingfisher" */;
			productName = Kingfisher;
		};
		244846E12F07E39B000E195F /* RehberimBenimleCoreKit */ = {
			isa = XCSwiftPackageProductDependency;
			productName = RehberimBenimleCoreKit;
		};
		244846E42F07E3BB000E195F /* RehberimBenimleFeatures */ = {
			isa = XCSwiftPackageProductDependency;
			productName = RehberimBenimleFeatures;
		};
		244846E72F07E3D4000E195F /* RehberimBenimleUI */ = {
			isa = XCSwiftPackageProductDependency;
			productName = RehberimBenimleUI;
		};
		24A64DF32F050FB20075FE56 /* RehberimBenimleCoreKit */ = {
			isa = XCSwiftPackageProductDependency;
			productName = RehberimBenimleCoreKit;
		};
		24A64DF92F0521DD0075FE56 /* RehberimBenimleUI */ = {
			isa = XCSwiftPackageProductDependency;
			productName = RehberimBenimleUI;
		};
		24DB3A7F2F0694B700524984 /* RehberimBenimleFeatures */ = {
			isa = XCSwiftPackageProductDependency;
			productName = RehberimBenimleFeatures;
		};
/* End XCSwiftPackageProductDependency section */
	};
	rootObject = 0A46CFBB2E8C254100A073EE /* Project object */;
}
